
Microsoft Visual Studio Solution File, Format Version 10.00
# Visual Studio 2008
Project("{FAE04EC0-301F-11D3-BF4B-00C04F79EFBC}") = "Expresiones", "Expresiones\Expresiones.csproj", "{5F789492-AB4F-4E53-BD23-ADE61A6EAEFC}"
EndProject
Global
	GlobalSection(SolutionConfigurationPlatforms) = preSolution
		Debug|Any CPU = Debug|Any CPU
		Release|Any CPU = Release|Any CPU
	EndGlobalSection
	GlobalSection(ProjectConfigurationPlatforms) = postSolution
		{5F789492-AB4F-4E53-BD23-ADE61A6EAEFC}.Debug|Any CPU.ActiveCfg = Debug|Any CPU
		{5F789492-AB4F-4E53-BD23-ADE61A6EAEFC}.Debug|Any CPU.Build.0 = Debug|Any CPU
		{5F789492-AB4F-4E53-BD23-ADE61A6EAEFC}.Release|Any CPU.ActiveCfg = Release|Any CPU
		{5F789492-AB4F-4E53-BD23-ADE61A6EAEFC}.Release|Any CPU.Build.0 = Release|Any CPU
	EndGlobalSection
	GlobalSection(SolutionProperties) = preSolution
		HideSolutionNode = FALSE
	EndGlobalSection
EndGlobal
